
Microsoft Visual Studio Solution File, Format Version 12.00
# Visual Studio Version 16
VisualStudioVersion = 25.0.1700.3
MinimumVisualStudioVersion = 10.0.40219.1
Project("{FAE04EC0-301F-11D3-BF4B-00C04F79EFBC}") = "Bird.Client.Mtchmkr.iOS", "Bird.Client.Mtchmkr.iOS.csproj", "{6A94D056-C4AD-415B-ABEA-5EFF3E99F43C}"
EndProject
Global
	GlobalSection(SolutionConfigurationPlatforms) = preSolution
		Debug|iPhoneSimulator = Debug|iPhoneSimulator
		Release|iPhoneSimulator = Release|iPhoneSimulator
		Debug|iPhone = Debug|iPhone
		Release|iPhone = Release|iPhone
		Ad-Hoc|iPhone = Ad-Hoc|iPhone
		AppStore|iPhone = AppStore|iPhone
	EndGlobalSection
	GlobalSection(ProjectConfigurationPlatforms) = postSolution
		{6A94D056-C4AD-415B-ABEA-5EFF3E99F43C}.Debug|iPhoneSimulator.ActiveCfg = Debug|iPhoneSimulator
		{6A94D056-C4AD-415B-ABEA-5EFF3E99F43C}.Debug|iPhoneSimulator.Build.0 = Debug|iPhoneSimulator
		{6A94D056-C4AD-415B-ABEA-5EFF3E99F43C}.Release|iPhoneSimulator.ActiveCfg = Release|iPhoneSimulator
		{6A94D056-C4AD-415B-ABEA-5EFF3E99F43C}.Release|iPhoneSimulator.Build.0 = Release|iPhoneSimulator
		{6A94D056-C4AD-415B-ABEA-5EFF3E99F43C}.Debug|iPhone.ActiveCfg = Debug|iPhone
		{6A94D056-C4AD-415B-ABEA-5EFF3E99F43C}.Debug|iPhone.Build.0 = Debug|iPhone
		{6A94D056-C4AD-415B-ABEA-5EFF3E99F43C}.Release|iPhone.ActiveCfg = Release|iPhone
		{6A94D056-C4AD-415B-ABEA-5EFF3E99F43C}.Release|iPhone.Build.0 = Release|iPhone
		{6A94D056-C4AD-415B-ABEA-5EFF3E99F43C}.Ad-Hoc|iPhone.ActiveCfg = Ad-Hoc|iPhone
		{6A94D056-C4AD-415B-ABEA-5EFF3E99F43C}.Ad-Hoc|iPhone.Build.0 = Ad-Hoc|iPhone
		{6A94D056-C4AD-415B-ABEA-5EFF3E99F43C}.AppStore|iPhone.ActiveCfg = AppStore|iPhone
		{6A94D056-C4AD-415B-ABEA-5EFF3E99F43C}.AppStore|iPhone.Build.0 = AppStore|iPhone
	EndGlobalSection
	GlobalSection(SolutionProperties) = preSolution
		HideSolutionNode = FALSE
	EndGlobalSection
	GlobalSection(ExtensibilityGlobals) = postSolution
		SolutionGuid = {4144F96A-0719-4E4F-B3F6-701FB747DAE0}
	EndGlobalSection
EndGlobal
